// !$*UTF8*$!
{
	archiveVersion = 1;
	classes = {
	};
	objectVersion = 56;
	objects = {

/* Begin PBXBuildFile section */
		672981422CF4B9F500CBE5E3 /* AppDelegate.swift in Sources */ = {isa = PBXBuildFile; fileRef = 672981412CF4B9F500CBE5E3 /* AppDelegate.swift */; };
		672981442CF4B9F500CBE5E3 /* SceneDelegate.swift in Sources */ = {isa = PBXBuildFile; fileRef = 672981432CF4B9F500CBE5E3 /* SceneDelegate.swift */; };
		6729814B2CF4B9F800CBE5E3 /* Assets.xcassets in Resources */ = {isa = PBXBuildFile; fileRef = 6729814A2CF4B9F800CBE5E3 /* Assets.xcassets */; };
		6729814E2CF4B9F800CBE5E3 /* LaunchScreen.storyboard in Resources */ = {isa = PBXBuildFile; fileRef = 6729814C2CF4B9F800CBE5E3 /* LaunchScreen.storyboard */; };
		6729815E2CF5629B00CBE5E3 /* MainTabComtroller.swift in Sources */ = {isa = PBXBuildFile; fileRef = 6729815D2CF5629B00CBE5E3 /* MainTabComtroller.swift */; };
		672981602CF56BA400CBE5E3 /* FeedController.swift in Sources */ = {isa = PBXBuildFile; fileRef = 6729815F2CF56BA400CBE5E3 /* FeedController.swift */; };
		672981622CF56C1000CBE5E3 /* ExploreController.swift in Sources */ = {isa = PBXBuildFile; fileRef = 672981612CF56C1000CBE5E3 /* ExploreController.swift */; };
		672981642CF56C3C00CBE5E3 /* NotificationsController.swift in Sources */ = {isa = PBXBuildFile; fileRef = 672981632CF56C3C00CBE5E3 /* NotificationsController.swift */; };
		672981662CF56C7C00CBE5E3 /* ConversationsController.swift in Sources */ = {isa = PBXBuildFile; fileRef = 672981652CF56C7C00CBE5E3 /* ConversationsController.swift */; };
		672981682CF58BD300CBE5E3 /* Extensions.swift in Sources */ = {isa = PBXBuildFile; fileRef = 672981672CF58BD300CBE5E3 /* Extensions.swift */; };
/* End PBXBuildFile section */

/* Begin PBXFileReference section */
		6729813E2CF4B9F500CBE5E3 /* Twitter-clone.app */ = {isa = PBXFileReference; explicitFileType = wrapper.application; includeInIndex = 0; path = "Twitter-clone.app"; sourceTree = BUILT_PRODUCTS_DIR; };
		672981412CF4B9F500CBE5E3 /* AppDelegate.swift */ = {isa = PBXFileReference; lastKnownFileType = sourcecode.swift; path = AppDelegate.swift; sourceTree = "<group>"; };
		672981432CF4B9F500CBE5E3 /* SceneDelegate.swift */ = {isa = PBXFileReference; lastKnownFileType = sourcecode.swift; path = SceneDelegate.swift; sourceTree = "<group>"; };
		6729814A2CF4B9F800CBE5E3 /* Assets.xcassets */ = {isa = PBXFileReference; lastKnownFileType = folder.assetcatalog; path = Assets.xcassets; sourceTree = "<group>"; };
		6729814D2CF4B9F800CBE5E3 /* Base */ = {isa = PBXFileReference; lastKnownFileType = file.storyboard; name = Base; path = Base.lproj/LaunchScreen.storyboard; sourceTree = "<group>"; };
		6729814F2CF4B9F800CBE5E3 /* Info.plist */ = {isa = PBXFileReference; lastKnownFileType = text.plist.xml; path = Info.plist; sourceTree = "<group>"; };
		6729815D2CF5629B00CBE5E3 /* MainTabComtroller.swift */ = {isa = PBXFileReference; lastKnownFileType = sourcecode.swift; path = MainTabComtroller.swift; sourceTree = "<group>"; };
		6729815F2CF56BA400CBE5E3 /* FeedController.swift */ = {isa = PBXFileReference; lastKnownFileType = sourcecode.swift; path = FeedController.swift; sourceTree = "<group>"; };
		672981612CF56C1000CBE5E3 /* ExploreController.swift */ = {isa = PBXFileReference; lastKnownFileType = sourcecode.swift; path = ExploreController.swift; sourceTree = "<group>"; };
		672981632CF56C3C00CBE5E3 /* NotificationsController.swift */ = {isa = PBXFileReference; lastKnownFileType = sourcecode.swift; path = NotificationsController.swift; sourceTree = "<group>"; };
		672981652CF56C7C00CBE5E3 /* ConversationsController.swift */ = {isa = PBXFileReference; lastKnownFileType = sourcecode.swift; path = ConversationsController.swift; sourceTree = "<group>"; };
		672981672CF58BD300CBE5E3 /* Extensions.swift */ = {isa = PBXFileReference; lastKnownFileType = sourcecode.swift; path = Extensions.swift; sourceTree = "<group>"; };
/* End PBXFileReference section */

/* Begin PBXFrameworksBuildPhase section */
		6729813B2CF4B9F500CBE5E3 /* Frameworks */ = {
			isa = PBXFrameworksBuildPhase;
			buildActionMask = 2147483647;
			files = (
			);
			runOnlyForDeploymentPostprocessing = 0;
		};
/* End PBXFrameworksBuildPhase section */

/* Begin PBXGroup section */
		672981352CF4B9F500CBE5E3 = {
			isa = PBXGroup;
			children = (
				672981402CF4B9F500CBE5E3 /* Twitter-clone */,
				6729813F2CF4B9F500CBE5E3 /* Products */,
			);
			sourceTree = "<group>";
		};
		6729813F2CF4B9F500CBE5E3 /* Products */ = {
			isa = PBXGroup;
			children = (
				6729813E2CF4B9F500CBE5E3 /* Twitter-clone.app */,
			);
			name = Products;
			sourceTree = "<group>";
		};
		672981402CF4B9F500CBE5E3 /* Twitter-clone */ = {
			isa = PBXGroup;
			children = (
				6729815A2CF55A0D00CBE5E3 /* Model */,
				672981592CF55A0700CBE5E3 /* View */,
				672981582CF55A0600CBE5E3 /* ViewModel */,
				672981552CF559F900CBE5E3 /* Controller */,
				6729815B2CF55A5600CBE5E3 /* API */,
				6729815C2CF55A5F00CBE5E3 /* Utils */,
				672981412CF4B9F500CBE5E3 /* AppDelegate.swift */,
				672981432CF4B9F500CBE5E3 /* SceneDelegate.swift */,
				6729814A2CF4B9F800CBE5E3 /* Assets.xcassets */,
				6729814C2CF4B9F800CBE5E3 /* LaunchScreen.storyboard */,
				6729814F2CF4B9F800CBE5E3 /* Info.plist */,
			);
			path = "Twitter-clone";
			sourceTree = "<group>";
		};
		672981552CF559F900CBE5E3 /* Controller */ = {
			isa = PBXGroup;
			children = (
				6729815D2CF5629B00CBE5E3 /* MainTabComtroller.swift */,
				6729815F2CF56BA400CBE5E3 /* FeedController.swift */,
				672981612CF56C1000CBE5E3 /* ExploreController.swift */,
				672981632CF56C3C00CBE5E3 /* NotificationsController.swift */,
				672981652CF56C7C00CBE5E3 /* ConversationsController.swift */,
			);
			path = Controller;
			sourceTree = "<group>";
		};
		672981582CF55A0600CBE5E3 /* ViewModel */ = {
			isa = PBXGroup;
			children = (
			);
			path = ViewModel;
			sourceTree = "<group>";
		};
		672981592CF55A0700CBE5E3 /* View */ = {
			isa = PBXGroup;
			children = (
			);
			path = View;
			sourceTree = "<group>";
		};
		6729815A2CF55A0D00CBE5E3 /* Model */ = {
			isa = PBXGroup;
			children = (
			);
			path = Model;
			sourceTree = "<group>";
		};
		6729815B2CF55A5600CBE5E3 /* API */ = {
			isa = PBXGroup;
			children = (
			);
			path = API;
			sourceTree = "<group>";
		};
		6729815C2CF55A5F00CBE5E3 /* Utils */ = {
			isa = PBXGroup;
			children = (
				672981672CF58BD300CBE5E3 /* Extensions.swift */,
			);
			path = Utils;
			sourceTree = "<group>";
		};
/* End PBXGroup section */

/* Begin PBXNativeTarget section */
		6729813D2CF4B9F500CBE5E3 /* Twitter-clone */ = {
			isa = PBXNativeTarget;
			buildConfigurationList = 672981522CF4B9F800CBE5E3 /* Build configuration list for PBXNativeTarget "Twitter-clone" */;
			buildPhases = (
				6729813A2CF4B9F500CBE5E3 /* Sources */,
				6729813B2CF4B9F500CBE5E3 /* Frameworks */,
				6729813C2CF4B9F500CBE5E3 /* Resources */,
			);
			buildRules = (
			);
			dependencies = (
			);
			name = "Twitter-clone";
			productName = "Twitter-clone";
			productReference = 6729813E2CF4B9F500CBE5E3 /* Twitter-clone.app */;
			productType = "com.apple.product-type.application";
		};
/* End PBXNativeTarget section */

/* Begin PBXProject section */
		672981362CF4B9F500CBE5E3 /* Project object */ = {
			isa = PBXProject;
			attributes = {
				BuildIndependentTargetsInParallel = 1;
				LastSwiftUpdateCheck = 1510;
				LastUpgradeCheck = 1510;
				TargetAttributes = {
					6729813D2CF4B9F500CBE5E3 = {
						CreatedOnToolsVersion = 15.1;
					};
				};
			};
			buildConfigurationList = 672981392CF4B9F500CBE5E3 /* Build configuration list for PBXProject "Twitter-clone" */;
			compatibilityVersion = "Xcode 14.0";
			developmentRegion = en;
			hasScannedForEncodings = 0;
			knownRegions = (
				en,
				Base,
			);
			mainGroup = 672981352CF4B9F500CBE5E3;
			productRefGroup = 6729813F2CF4B9F500CBE5E3 /* Products */;
			projectDirPath = "";
			projectRoot = "";
			targets = (
				6729813D2CF4B9F500CBE5E3 /* Twitter-clone */,
			);
		};
/* End PBXProject section */

/* Begin PBXResourcesBuildPhase section */
		6729813C2CF4B9F500CBE5E3 /* Resources */ = {
			isa = PBXResourcesBuildPhase;
			buildActionMask = 2147483647;
			files = (
				6729814E2CF4B9F800CBE5E3 /* LaunchScreen.storyboard in Resources */,
				6729814B2CF4B9F800CBE5E3 /* Assets.xcassets in Resources */,
			);
			runOnlyForDeploymentPostprocessing = 0;
		};
/* End PBXResourcesBuildPhase section */

/* Begin PBXSourcesBuildPhase section */
		6729813A2CF4B9F500CBE5E3 /* Sources */ = {
			isa = PBXSourcesBuildPhase;
			buildActionMask = 2147483647;
			files = (
				672981642CF56C3C00CBE5E3 /* NotificationsController.swift in Sources */,
				672981662CF56C7C00CBE5E3 /* ConversationsController.swift in Sources */,
				672981422CF4B9F500CBE5E3 /* AppDelegate.swift in Sources */,
				672981682CF58BD300CBE5E3 /* Extensions.swift in Sources */,
				672981622CF56C1000CBE5E3 /* ExploreController.swift in Sources */,
				672981442CF4B9F500CBE5E3 /* SceneDelegate.swift in Sources */,
				6729815E2CF5629B00CBE5E3 /* MainTabComtroller.swift in Sources */,
				672981602CF56BA400CBE5E3 /* FeedController.swift in Sources */,
			);
			runOnlyForDeploymentPostprocessing = 0;
		};
/* End PBXSourcesBuildPhase section */

/* Begin PBXVariantGroup section */
		6729814C2CF4B9F800CBE5E3 /* LaunchScreen.storyboard */ = {
			isa = PBXVariantGroup;
			children = (
				6729814D2CF4B9F800CBE5E3 /* Base */,
			);
			name = LaunchScreen.storyboard;
			sourceTree = "<group>";
		};
/* End PBXVariantGroup section */

/* Begin XCBuildConfiguration section */
		672981502CF4B9F800CBE5E3 /* Debug */ = {
			isa = XCBuildConfiguration;
			buildSettings = {
				ALWAYS_SEARCH_USER_PATHS = NO;
				ASSETCATALOG_COMPILER_GENERATE_SWIFT_ASSET_SYMBOL_EXTENSIONS = YES;
				CLANG_ANALYZER_NONNULL = YES;
				CLANG_ANALYZER_NUMBER_OBJECT_CONVERSION = YES_AGGRESSIVE;
				CLANG_CXX_LANGUAGE_STANDARD = "gnu++20";
				CLANG_ENABLE_MODULES = YES;
				CLANG_ENABLE_OBJC_ARC = YES;
				CLANG_ENABLE_OBJC_WEAK = YES;
				CLANG_WARN_BLOCK_CAPTURE_AUTORELEASING = YES;
				CLANG_WARN_BOOL_CONVERSION = YES;
				CLANG_WARN_COMMA = YES;
				CLANG_WARN_CONSTANT_CONVERSION = YES;
				CLANG_WARN_DEPRECATED_OBJC_IMPLEMENTATIONS = YES;
				CLANG_WARN_DIRECT_OBJC_ISA_USAGE = YES_ERROR;
				CLANG_WARN_DOCUMENTATION_COMMENTS = YES;
				CLANG_WARN_EMPTY_BODY = YES;
				CLANG_WARN_ENUM_CONVERSION = YES;
				CLANG_WARN_INFINITE_RECURSION = YES;
				CLANG_WARN_INT_CONVERSION = YES;
				CLANG_WARN_NON_LITERAL_NULL_CONVERSION = YES;
				CLANG_WARN_OBJC_IMPLICIT_RETAIN_SELF = YES;
				CLANG_WARN_OBJC_LITERAL_CONVERSION = YES;
				CLANG_WARN_OBJC_ROOT_CLASS = YES_ERROR;
				CLANG_WARN_QUOTED_INCLUDE_IN_FRAMEWORK_HEADER = YES;
				CLANG_WARN_RANGE_LOOP_ANALYSIS = YES;
				CLANG_WARN_STRICT_PROTOTYPES = YES;
				CLANG_WARN_SUSPICIOUS_MOVE = YES;
				CLANG_WARN_UNGUARDED_AVAILABILITY = YES_AGGRESSIVE;
				CLANG_WARN_UNREACHABLE_CODE = YES;
				CLANG_WARN__DUPLICATE_METHOD_MATCH = YES;
				COPY_PHASE_STRIP = NO;
				DEBUG_INFORMATION_FORMAT = dwarf;
				ENABLE_STRICT_OBJC_MSGSEND = YES;
				ENABLE_TESTABILITY = YES;
				ENABLE_USER_SCRIPT_SANDBOXING = YES;
				GCC_C_LANGUAGE_STANDARD = gnu17;
				GCC_DYNAMIC_NO_PIC = NO;
				GCC_NO_COMMON_BLOCKS = YES;
				GCC_OPTIMIZATION_LEVEL = 0;
				GCC_PREPROCESSOR_DEFINITIONS = (
					"DEBUG=1",
					"$(inherited)",
				);
				GCC_WARN_64_TO_32_BIT_CONVERSION = YES;
				GCC_WARN_ABOUT_RETURN_TYPE = YES_ERROR;
				GCC_WARN_UNDECLARED_SELECTOR = YES;
				GCC_WARN_UNINITIALIZED_AUTOS = YES_AGGRESSIVE;
				GCC_WARN_UNUSED_FUNCTION = YES;
				GCC_WARN_UNUSED_VARIABLE = YES;
				IPHONEOS_DEPLOYMENT_TARGET = 17.2;
				LOCALIZATION_PREFERS_STRING_CATALOGS = YES;
				MTL_ENABLE_DEBUG_INFO = INCLUDE_SOURCE;
				MTL_FAST_MATH = YES;
				ONLY_ACTIVE_ARCH = YES;
				SDKROOT = iphoneos;
				SWIFT_ACTIVE_COMPILATION_CONDITIONS = "DEBUG $(inherited)";
				SWIFT_OPTIMIZATION_LEVEL = "-Onone";
			};
			name = Debug;
		};
		672981512CF4B9F800CBE5E3 /* Release */ = {
			isa = XCBuildConfiguration;
			buildSettings = {
				ALWAYS_SEARCH_USER_PATHS = NO;
				ASSETCATALOG_COMPILER_GENERATE_SWIFT_ASSET_SYMBOL_EXTENSIONS = YES;
				CLANG_ANALYZER_NONNULL = YES;
				CLANG_ANALYZER_NUMBER_OBJECT_CONVERSION = YES_AGGRESSIVE;
				CLANG_CXX_LANGUAGE_STANDARD = "gnu++20";
				CLANG_ENABLE_MODULES = YES;
				CLANG_ENABLE_OBJC_ARC = YES;
				CLANG_ENABLE_OBJC_WEAK = YES;
				CLANG_WARN_BLOCK_CAPTURE_AUTORELEASING = YES;
				CLANG_WARN_BOOL_CONVERSION = YES;
				CLANG_WARN_COMMA = YES;
				CLANG_WARN_CONSTANT_CONVERSION = YES;
				CLANG_WARN_DEPRECATED_OBJC_IMPLEMENTATIONS = YES;
				CLANG_WARN_DIRECT_OBJC_ISA_USAGE = YES_ERROR;
				CLANG_WARN_DOCUMENTATION_COMMENTS = YES;
				CLANG_WARN_EMPTY_BODY = YES;
				CLANG_WARN_ENUM_CONVERSION = YES;
				CLANG_WARN_INFINITE_RECURSION = YES;
				CLANG_WARN_INT_CONVERSION = YES;
				CLANG_WARN_NON_LITERAL_NULL_CONVERSION = YES;
				CLANG_WARN_OBJC_IMPLICIT_RETAIN_SELF = YES;
				CLANG_WARN_OBJC_LITERAL_CONVERSION = YES;
				CLANG_WARN_OBJC_ROOT_CLASS = YES_ERROR;
				CLANG_WARN_QUOTED_INCLUDE_IN_FRAMEWORK_HEADER = YES;
				CLANG_WARN_RANGE_LOOP_ANALYSIS = YES;
				CLANG_WARN_STRICT_PROTOTYPES = YES;
				CLANG_WARN_SUSPICIOUS_MOVE = YES;
				CLANG_WARN_UNGUARDED_AVAILABILITY = YES_AGGRESSIVE;
				CLANG_WARN_UNREACHABLE_CODE = YES;
				CLANG_WARN__DUPLICATE_METHOD_MATCH = YES;
				COPY_PHASE_STRIP = NO;
				DEBUG_INFORMATION_FORMAT = "dwarf-with-dsym";
				ENABLE_NS_ASSERTIONS = NO;
				ENABLE_STRICT_OBJC_MSGSEND = YES;
				ENABLE_USER_SCRIPT_SANDBOXING = YES;
				GCC_C_LANGUAGE_STANDARD = gnu17;
				GCC_NO_COMMON_BLOCKS = YES;
				GCC_WARN_64_TO_32_BIT_CONVERSION = YES;
				GCC_WARN_ABOUT_RETURN_TYPE = YES_ERROR;
				GCC_WARN_UNDECLARED_SELECTOR = YES;
				GCC_WARN_UNINITIALIZED_AUTOS = YES_AGGRESSIVE;
				GCC_WARN_UNUSED_FUNCTION = YES;
				GCC_WARN_UNUSED_VARIABLE = YES;
				IPHONEOS_DEPLOYMENT_TARGET = 17.2;
				LOCALIZATION_PREFERS_STRING_CATALOGS = YES;
				MTL_ENABLE_DEBUG_INFO = NO;
				MTL_FAST_MATH = YES;
				SDKROOT = iphoneos;
				SWIFT_COMPILATION_MODE = wholemodule;
				VALIDATE_PRODUCT = YES;
			};
			name = Release;
		};
		672981532CF4B9F800CBE5E3 /* Debug */ = {
			isa = XCBuildConfiguration;
			buildSettings = {
				ASSETCATALOG_COMPILER_APPICON_NAME = AppIcon;
				ASSETCATALOG_COMPILER_GLOBAL_ACCENT_COLOR_NAME = AccentColor;
				CODE_SIGN_STYLE = Automatic;
				CURRENT_PROJECT_VERSION = 1;
				GENERATE_INFOPLIST_FILE = YES;
				INFOPLIST_FILE = "Twitter-clone/Info.plist";
				INFOPLIST_KEY_UIApplicationSupportsIndirectInputEvents = YES;
				INFOPLIST_KEY_UILaunchStoryboardName = LaunchScreen;
				INFOPLIST_KEY_UISupportedInterfaceOrientations_iPad = "UIInterfaceOrientationPortrait UIInterfaceOrientationPortraitUpsideDown UIInterfaceOrientationLandscapeLeft UIInterfaceOrientationLandscapeRight";
				INFOPLIST_KEY_UISupportedInterfaceOrientations_iPhone = "UIInterfaceOrientationPortrait UIInterfaceOrientationLandscapeLeft UIInterfaceOrientationLandscapeRight";
				LD_RUNPATH_SEARCH_PATHS = (
					"$(inherited)",
					"@executable_path/Frameworks",
				);
				MARKETING_VERSION = 1.0;
				PRODUCT_BUNDLE_IDENTIFIER = "com.MansubShin.Twitter-clone";
				PRODUCT_NAME = "$(TARGET_NAME)";
				SWIFT_EMIT_LOC_STRINGS = YES;
				SWIFT_VERSION = 5.0;
				TARGETED_DEVICE_FAMILY = "1,2";
			};
			name = Debug;
		};
		672981542CF4B9F800CBE5E3 /* Release */ = {
			isa = XCBuildConfiguration;
			buildSettings = {
				ASSETCATALOG_COMPILER_APPICON_NAME = AppIcon;
				ASSETCATALOG_COMPILER_GLOBAL_ACCENT_COLOR_NAME = AccentColor;
				CODE_SIGN_STYLE = Automatic;
				CURRENT_PROJECT_VERSION = 1;
				GENERATE_INFOPLIST_FILE = YES;
				INFOPLIST_FILE = "Twitter-clone/Info.plist";
				INFOPLIST_KEY_UIApplicationSupportsIndirectInputEvents = YES;
				INFOPLIST_KEY_UILaunchStoryboardName = LaunchScreen;
				INFOPLIST_KEY_UISupportedInterfaceOrientations_iPad = "UIInterfaceOrientationPortrait UIInterfaceOrientationPortraitUpsideDown UIInterfaceOrientationLandscapeLeft UIInterfaceOrientationLandscapeRight";
				INFOPLIST_KEY_UISupportedInterfaceOrientations_iPhone = "UIInterfaceOrientationPortrait UIInterfaceOrientationLandscapeLeft UIInterfaceOrientationLandscapeRight";
				LD_RUNPATH_SEARCH_PATHS = (
					"$(inherited)",
					"@executable_path/Frameworks",
				);
				MARKETING_VERSION = 1.0;
				PRODUCT_BUNDLE_IDENTIFIER = "com.MansubShin.Twitter-clone";
				PRODUCT_NAME = "$(TARGET_NAME)";
				SWIFT_EMIT_LOC_STRINGS = YES;
				SWIFT_VERSION = 5.0;
				TARGETED_DEVICE_FAMILY = "1,2";
			};
			name = Release;
		};
/* End XCBuildConfiguration section */

/* Begin XCConfigurationList section */
		672981392CF4B9F500CBE5E3 /* Build configuration list for PBXProject "Twitter-clone" */ = {
			isa = XCConfigurationList;
			buildConfigurations = (
				672981502CF4B9F800CBE5E3 /* Debug */,
				672981512CF4B9F800CBE5E3 /* Release */,
			);
			defaultConfigurationIsVisible = 0;
			defaultConfigurationName = Release;
		};
		672981522CF4B9F800CBE5E3 /* Build configuration list for PBXNativeTarget "Twitter-clone" */ = {
			isa = XCConfigurationList;
			buildConfigurations = (
				672981532CF4B9F800CBE5E3 /* Debug */,
				672981542CF4B9F800CBE5E3 /* Release */,
			);
			defaultConfigurationIsVisible = 0;
			defaultConfigurationName = Release;
		};
/* End XCConfigurationList section */
	};
	rootObject = 672981362CF4B9F500CBE5E3 /* Project object */;
}
